
Microsoft Visual Studio Solution File, Format Version 12.00
# Visual Studio Version 17
VisualStudioVersion = 17.4.33110.190
MinimumVisualStudioVersion = 10.0.40219.1
Project("{9A19103F-16F7-4668-BE54-9A1E7A4F7556}") = "VersandEtiketten", "VersandEtiketten\VersandEtiketten.csproj", "{442E7891-4203-41CF-AE6D-E9E54D9BF08D}"
EndProject
Project("{9A19103F-16F7-4668-BE54-9A1E7A4F7556}") = "API", "API\API.csproj", "{BA6E5FF4-1262-4A13-983C-785834A29501}"
EndProject
Project("{9A19103F-16F7-4668-BE54-9A1E7A4F7556}") = "Daten", "Daten\Daten.csproj", "{A7876628-EFDC-47F3-865D-7ACF569C895D}"
EndProject
Project("{9A19103F-16F7-4668-BE54-9A1E7A4F7556}") = "Operationen", "Operationen\Operationen.csproj", "{60E54693-6AE1-4AAE-A892-25F056C28043}"
EndProject
Project("{9A19103F-16F7-4668-BE54-9A1E7A4F7556}") = "IO_Operationen", "IO_Operationen\IO_Operationen.csproj", "{DCF27657-508E-4F8F-BDA4-6447DBDA5310}"
EndProject
Project("{9A19103F-16F7-4668-BE54-9A1E7A4F7556}") = "Integration", "Integration\Integration.csproj", "{94AB60FE-B276-46C8-BD65-63567311802B}"
EndProject
Project("{9A19103F-16F7-4668-BE54-9A1E7A4F7556}") = "TestOperationen", "TestOperationen\TestOperationen.csproj", "{299A0361-5167-46D5-AEF3-83899FA9BA20}"
EndProject
Project("{9A19103F-16F7-4668-BE54-9A1E7A4F7556}") = "TestIO", "TestIO\TestIO.csproj", "{22C03691-3424-4F28-89A7-A8D491D39780}"
EndProject
Project("{9A19103F-16F7-4668-BE54-9A1E7A4F7556}") = "TestFixtures", "TestFixtures\TestFixtures.csproj", "{986CD511-6D11-4197-8500-969082828B1F}"
EndProject
Project("{9A19103F-16F7-4668-BE54-9A1E7A4F7556}") = "TestAPI", "TestAPI\TestAPI.csproj", "{9DC58946-A77F-4A19-B740-6BE198945E30}"
EndProject
Project("{9A19103F-16F7-4668-BE54-9A1E7A4F7556}") = "TestDaten", "TestDaten\TestDaten.csproj", "{1A5DA2F4-948A-43FA-ADA8-8FE5786D1B7C}"
EndProject
Project("{FAE04EC0-301F-11D3-BF4B-00C04F79EFBC}") = "API_IO", "API_IO\API_IO.csproj", "{7A6B5907-423D-4315-9E2F-3667D56E7676}"
EndProject
Global
	GlobalSection(SolutionConfigurationPlatforms) = preSolution
		Debug|Any CPU = Debug|Any CPU
		Release|Any CPU = Release|Any CPU
	EndGlobalSection
	GlobalSection(ProjectConfigurationPlatforms) = postSolution
		{442E7891-4203-41CF-AE6D-E9E54D9BF08D}.Debug|Any CPU.ActiveCfg = Debug|Any CPU
		{442E7891-4203-41CF-AE6D-E9E54D9BF08D}.Debug|Any CPU.Build.0 = Debug|Any CPU
		{442E7891-4203-41CF-AE6D-E9E54D9BF08D}.Release|Any CPU.ActiveCfg = Release|Any CPU
		{442E7891-4203-41CF-AE6D-E9E54D9BF08D}.Release|Any CPU.Build.0 = Release|Any CPU
		{BA6E5FF4-1262-4A13-983C-785834A29501}.Debug|Any CPU.ActiveCfg = Debug|Any CPU
		{BA6E5FF4-1262-4A13-983C-785834A29501}.Debug|Any CPU.Build.0 = Debug|Any CPU
		{BA6E5FF4-1262-4A13-983C-785834A29501}.Release|Any CPU.ActiveCfg = Release|Any CPU
		{BA6E5FF4-1262-4A13-983C-785834A29501}.Release|Any CPU.Build.0 = Release|Any CPU
		{A7876628-EFDC-47F3-865D-7ACF569C895D}.Debug|Any CPU.ActiveCfg = Debug|Any CPU
		{A7876628-EFDC-47F3-865D-7ACF569C895D}.Debug|Any CPU.Build.0 = Debug|Any CPU
		{A7876628-EFDC-47F3-865D-7ACF569C895D}.Release|Any CPU.ActiveCfg = Release|Any CPU
		{A7876628-EFDC-47F3-865D-7ACF569C895D}.Release|Any CPU.Build.0 = Release|Any CPU
		{60E54693-6AE1-4AAE-A892-25F056C28043}.Debug|Any CPU.ActiveCfg = Debug|Any CPU
		{60E54693-6AE1-4AAE-A892-25F056C28043}.Debug|Any CPU.Build.0 = Debug|Any CPU
		{60E54693-6AE1-4AAE-A892-25F056C28043}.Release|Any CPU.ActiveCfg = Release|Any CPU
		{60E54693-6AE1-4AAE-A892-25F056C28043}.Release|Any CPU.Build.0 = Release|Any CPU
		{DCF27657-508E-4F8F-BDA4-6447DBDA5310}.Debug|Any CPU.ActiveCfg = Debug|Any CPU
		{DCF27657-508E-4F8F-BDA4-6447DBDA5310}.Debug|Any CPU.Build.0 = Debug|Any CPU
		{DCF27657-508E-4F8F-BDA4-6447DBDA5310}.Release|Any CPU.ActiveCfg = Release|Any CPU
		{DCF27657-508E-4F8F-BDA4-6447DBDA5310}.Release|Any CPU.Build.0 = Release|Any CPU
		{94AB60FE-B276-46C8-BD65-63567311802B}.Debug|Any CPU.ActiveCfg = Debug|Any CPU
		{94AB60FE-B276-46C8-BD65-63567311802B}.Debug|Any CPU.Build.0 = Debug|Any CPU
		{94AB60FE-B276-46C8-BD65-63567311802B}.Release|Any CPU.ActiveCfg = Release|Any CPU
		{94AB60FE-B276-46C8-BD65-63567311802B}.Release|Any CPU.Build.0 = Release|Any CPU
		{299A0361-5167-46D5-AEF3-83899FA9BA20}.Debug|Any CPU.ActiveCfg = Debug|Any CPU
		{299A0361-5167-46D5-AEF3-83899FA9BA20}.Debug|Any CPU.Build.0 = Debug|Any CPU
		{299A0361-5167-46D5-AEF3-83899FA9BA20}.Release|Any CPU.ActiveCfg = Release|Any CPU
		{299A0361-5167-46D5-AEF3-83899FA9BA20}.Release|Any CPU.Build.0 = Release|Any CPU
		{22C03691-3424-4F28-89A7-A8D491D39780}.Debug|Any CPU.ActiveCfg = Debug|Any CPU
		{22C03691-3424-4F28-89A7-A8D491D39780}.Debug|Any CPU.Build.0 = Debug|Any CPU
		{22C03691-3424-4F28-89A7-A8D491D39780}.Release|Any CPU.ActiveCfg = Release|Any CPU
		{22C03691-3424-4F28-89A7-A8D491D39780}.Release|Any CPU.Build.0 = Release|Any CPU
		{986CD511-6D11-4197-8500-969082828B1F}.Debug|Any CPU.ActiveCfg = Debug|Any CPU
		{986CD511-6D11-4197-8500-969082828B1F}.Debug|Any CPU.Build.0 = Debug|Any CPU
		{986CD511-6D11-4197-8500-969082828B1F}.Release|Any CPU.ActiveCfg = Release|Any CPU
		{986CD511-6D11-4197-8500-969082828B1F}.Release|Any CPU.Build.0 = Release|Any CPU
		{9DC58946-A77F-4A19-B740-6BE198945E30}.Debug|Any CPU.ActiveCfg = Debug|Any CPU
		{9DC58946-A77F-4A19-B740-6BE198945E30}.Debug|Any CPU.Build.0 = Debug|Any CPU
		{9DC58946-A77F-4A19-B740-6BE198945E30}.Release|Any CPU.ActiveCfg = Release|Any CPU
		{9DC58946-A77F-4A19-B740-6BE198945E30}.Release|Any CPU.Build.0 = Release|Any CPU
		{1A5DA2F4-948A-43FA-ADA8-8FE5786D1B7C}.Debug|Any CPU.ActiveCfg = Debug|Any CPU
		{1A5DA2F4-948A-43FA-ADA8-8FE5786D1B7C}.Debug|Any CPU.Build.0 = Debug|Any CPU
		{1A5DA2F4-948A-43FA-ADA8-8FE5786D1B7C}.Release|Any CPU.ActiveCfg = Release|Any CPU
		{1A5DA2F4-948A-43FA-ADA8-8FE5786D1B7C}.Release|Any CPU.Build.0 = Release|Any CPU
		{7A6B5907-423D-4315-9E2F-3667D56E7676}.Debug|Any CPU.ActiveCfg = Debug|Any CPU
		{7A6B5907-423D-4315-9E2F-3667D56E7676}.Debug|Any CPU.Build.0 = Debug|Any CPU
		{7A6B5907-423D-4315-9E2F-3667D56E7676}.Release|Any CPU.ActiveCfg = Release|Any CPU
		{7A6B5907-423D-4315-9E2F-3667D56E7676}.Release|Any CPU.Build.0 = Release|Any CPU
	EndGlobalSection
	GlobalSection(SolutionProperties) = preSolution
		HideSolutionNode = FALSE
	EndGlobalSection
	GlobalSection(ExtensibilityGlobals) = postSolution
		SolutionGuid = {E4E41905-2ABE-4860-B39F-09E3867631F3}
	EndGlobalSection
EndGlobal
